
Microsoft Visual Studio Solution File, Format Version 12.00
# Visual Studio 2013
VisualStudioVersion = 12.0.21005.1
MinimumVisualStudioVersion = 10.0.40219.1
Project("{8BC9CEB8-8B4A-11D0-8D11-00A0C91BC942}") = "leetcode0001", "leetcode0001\leetcode0001.vcxproj", "{EBA82193-5CAF-41BB-B7FC-399800EE394C}"
EndProject
Project("{8BC9CEB8-8B4A-11D0-8D11-00A0C91BC942}") = "leetcode0002", "leetcode0002\leetcode0002.vcxproj", "{F3453973-9A42-4F1C-923C-6A37C46E5FE6}"
EndProject
Project("{8BC9CEB8-8B4A-11D0-8D11-00A0C91BC942}") = "leetcode0003", "leetcode0003\leetcode0003.vcxproj", "{B75B00BD-954C-4CE1-AAB6-8C53DB8D6F2C}"
EndProject
Project("{8BC9CEB8-8B4A-11D0-8D11-00A0C91BC942}") = "leetcode0004", "leetcode0004\leetcode0004.vcxproj", "{BC154CDC-1FE1-4E71-BDEC-57FBCB1E5EF6}"
EndProject
Project("{8BC9CEB8-8B4A-11D0-8D11-00A0C91BC942}") = "leetcode0005", "leetcode0005\leetcode0005.vcxproj", "{6361F114-834C-4646-8159-CE0FCD9108FE}"
EndProject
Project("{8BC9CEB8-8B4A-11D0-8D11-00A0C91BC942}") = "leetcode0006", "leetcode0006\leetcode0006.vcxproj", "{C5748099-3F6E-471C-8B01-C43C5D1200F2}"
EndProject
Project("{8BC9CEB8-8B4A-11D0-8D11-00A0C91BC942}") = "leetcode0007", "leetcode0007\leetcode0007.vcxproj", "{A35A9825-3D71-4125-B097-53B4C05F70AB}"
EndProject
Project("{8BC9CEB8-8B4A-11D0-8D11-00A0C91BC942}") = "leetcode0008", "leetcode0008\leetcode0008.vcxproj", "{5316A8CD-AE2D-4844-BE6B-CC09203480BC}"
EndProject
Project("{8BC9CEB8-8B4A-11D0-8D11-00A0C91BC942}") = "leetcode0009", "leetcode0009\leetcode0009.vcxproj", "{E85F7298-90B2-485C-92BF-36A093A21E83}"
EndProject
Project("{8BC9CEB8-8B4A-11D0-8D11-00A0C91BC942}") = "leetcode0010", "leetcode0010\leetcode0010.vcxproj", "{7BF142F0-DCC5-43E6-9873-7B76AA9241B7}"
EndProject
Project("{8BC9CEB8-8B4A-11D0-8D11-00A0C91BC942}") = "leetcode0011", "leetcode0011\leetcode0011.vcxproj", "{0196AAD0-F722-413D-8D5B-3E3C31F4387C}"
EndProject
Project("{8BC9CEB8-8B4A-11D0-8D11-00A0C91BC942}") = "leetcode0012", "leetcode0012\leetcode0012.vcxproj", "{728C9A86-FD84-4B32-94E8-637FA91D533E}"
EndProject
Project("{8BC9CEB8-8B4A-11D0-8D11-00A0C91BC942}") = "leetcode0013", "leetcode0013\leetcode0013.vcxproj", "{0BC742CB-BFA4-4EE4-887D-69CCFC3915B9}"
EndProject
Project("{8BC9CEB8-8B4A-11D0-8D11-00A0C91BC942}") = "leetcode0014", "leetcode0014\leetcode0014.vcxproj", "{617BB7CA-29BC-4C81-B897-FCBB1D548B97}"
EndProject
Project("{8BC9CEB8-8B4A-11D0-8D11-00A0C91BC942}") = "leetcode0015", "leetcode0015\leetcode0015.vcxproj", "{60040689-F7BF-4A36-8108-17AE621A379F}"
EndProject
Project("{8BC9CEB8-8B4A-11D0-8D11-00A0C91BC942}") = "leetcode0016", "leetcode0016\leetcode0016.vcxproj", "{845EDCA3-30E2-4E8A-9435-15B40F582984}"
EndProject
Project("{8BC9CEB8-8B4A-11D0-8D11-00A0C91BC942}") = "leetcode0017", "leetcode0017\leetcode0017.vcxproj", "{8FD79E00-E87A-4D71-A08E-B9D3FA50B2C1}"
EndProject
Project("{8BC9CEB8-8B4A-11D0-8D11-00A0C91BC942}") = "leetcode0018", "leetcode0018\leetcode0018.vcxproj", "{2C6CFFC8-9DCF-4FFE-B33A-602459717B30}"
EndProject
Project("{8BC9CEB8-8B4A-11D0-8D11-00A0C91BC942}") = "leetcode0019", "leetcode0019\leetcode0019.vcxproj", "{FD6DF728-22C0-4EF4-9096-2AE06D7ED7FD}"
EndProject
Project("{8BC9CEB8-8B4A-11D0-8D11-00A0C91BC942}") = "leetcode0020", "leetcode0020\leetcode0020.vcxproj", "{1C184CD7-7557-4BB7-BCBC-1D295AC1064C}"
EndProject
Project("{8BC9CEB8-8B4A-11D0-8D11-00A0C91BC942}") = "leetcode0021", "leetcode0021\leetcode0021.vcxproj", "{8E33473C-A00A-401E-A18A-315281463C84}"
EndProject
Project("{8BC9CEB8-8B4A-11D0-8D11-00A0C91BC942}") = "leetcode0022", "leetcode0022\leetcode0022.vcxproj", "{280E405C-085A-4E27-ADC4-B9845CDA8114}"
EndProject
Project("{8BC9CEB8-8B4A-11D0-8D11-00A0C91BC942}") = "leetcode0023", "leetcode0023\leetcode0023.vcxproj", "{4BD56519-90AA-459D-8E2C-344A5306BD03}"
EndProject
Project("{8BC9CEB8-8B4A-11D0-8D11-00A0C91BC942}") = "leetcode0024", "leetcode0024\leetcode0024.vcxproj", "{50220122-5275-430E-8018-B560572A4D2C}"
EndProject
Project("{8BC9CEB8-8B4A-11D0-8D11-00A0C91BC942}") = "leetcode0025", "leetcode0025\leetcode0025.vcxproj", "{650510D6-6B7C-4E0D-9E2D-251F31BE4969}"
EndProject
Project("{8BC9CEB8-8B4A-11D0-8D11-00A0C91BC942}") = "leetcode0026", "leetcode0026\leetcode0026.vcxproj", "{F0CB5DFD-704A-4FCE-ADEA-001DD4832DE2}"
EndProject
Project("{8BC9CEB8-8B4A-11D0-8D11-00A0C91BC942}") = "leetcode0027", "leetcode0027\leetcode0027.vcxproj", "{77E9C560-A39A-437A-BCF1-BFA76D0B0640}"
EndProject
Project("{8BC9CEB8-8B4A-11D0-8D11-00A0C91BC942}") = "leetcode0028", "leetcode0028\leetcode0028.vcxproj", "{EA1843B1-550E-46DF-B491-2A6C0A328A38}"
EndProject
Project("{8BC9CEB8-8B4A-11D0-8D11-00A0C91BC942}") = "leetcode0029", "leetcode0029\leetcode0029.vcxproj", "{814BFBD9-1E15-406E-9CFB-634614BA53E6}"
EndProject
Project("{8BC9CEB8-8B4A-11D0-8D11-00A0C91BC942}") = "leetcode0030", "leetcode0030\leetcode0030.vcxproj", "{9BC870EC-2B44-4568-8DAB-F414CBEE02C0}"
EndProject
Project("{8BC9CEB8-8B4A-11D0-8D11-00A0C91BC942}") = "leetcode0031", "leetcode0031\leetcode0031.vcxproj", "{D68FC4EF-00F6-4AAC-A04E-D1B022E62276}"
EndProject
Project("{8BC9CEB8-8B4A-11D0-8D11-00A0C91BC942}") = "leetcode0032", "leetcode0032\leetcode0032.vcxproj", "{29761BD4-AC6F-4030-85FE-B156D5CC1CA1}"
EndProject
Project("{8BC9CEB8-8B4A-11D0-8D11-00A0C91BC942}") = "leetcode0033", "leetcode0033\leetcode0033.vcxproj", "{784F713B-F5CD-44E4-B5B8-8A6917F8A447}"
EndProject
Project("{8BC9CEB8-8B4A-11D0-8D11-00A0C91BC942}") = "leetcode0034", "leetcode0034\leetcode0034.vcxproj", "{A5C343BF-D13A-466E-BEB4-E2ABBA86FB62}"
EndProject
Project("{8BC9CEB8-8B4A-11D0-8D11-00A0C91BC942}") = "leetcode0035", "leetcode0035\leetcode0035.vcxproj", "{F7F57447-44BD-4DA0-B7C8-294982C1BE7C}"
EndProject
Project("{8BC9CEB8-8B4A-11D0-8D11-00A0C91BC942}") = "leetcode0036", "leetcode0036\leetcode0036.vcxproj", "{3D722D89-E30B-4895-8E43-20B4F1CDFB38}"
EndProject
Project("{8BC9CEB8-8B4A-11D0-8D11-00A0C91BC942}") = "leetcode0037", "leetcode0037\leetcode0037.vcxproj", "{9E203DD9-7F3E-425C-B305-671AF61CD6A3}"
EndProject
Project("{8BC9CEB8-8B4A-11D0-8D11-00A0C91BC942}") = "leetcode0038", "leetcode0038\leetcode0038.vcxproj", "{BB51A806-8937-4392-A65A-237817C20C12}"
EndProject
Project("{8BC9CEB8-8B4A-11D0-8D11-00A0C91BC942}") = "leetcode0039", "leetcode0039\leetcode0039.vcxproj", "{8C4CEBED-7B82-445A-8CC1-AE3FFC294EB5}"
EndProject
Project("{8BC9CEB8-8B4A-11D0-8D11-00A0C91BC942}") = "leetcode0040", "leetcode0040\leetcode0040.vcxproj", "{39568044-0603-48C1-8B6D-FFB0B2AE0BFB}"
EndProject
Global
	GlobalSection(SolutionConfigurationPlatforms) = preSolution
		Debug|Win32 = Debug|Win32
		Release|Win32 = Release|Win32
	EndGlobalSection
	GlobalSection(ProjectConfigurationPlatforms) = postSolution
		{EBA82193-5CAF-41BB-B7FC-399800EE394C}.Debug|Win32.ActiveCfg = Debug|Win32
		{EBA82193-5CAF-41BB-B7FC-399800EE394C}.Debug|Win32.Build.0 = Debug|Win32
		{EBA82193-5CAF-41BB-B7FC-399800EE394C}.Release|Win32.ActiveCfg = Release|Win32
		{EBA82193-5CAF-41BB-B7FC-399800EE394C}.Release|Win32.Build.0 = Release|Win32
		{F3453973-9A42-4F1C-923C-6A37C46E5FE6}.Debug|Win32.ActiveCfg = Debug|Win32
		{F3453973-9A42-4F1C-923C-6A37C46E5FE6}.Debug|Win32.Build.0 = Debug|Win32
		{F3453973-9A42-4F1C-923C-6A37C46E5FE6}.Release|Win32.ActiveCfg = Release|Win32
		{F3453973-9A42-4F1C-923C-6A37C46E5FE6}.Release|Win32.Build.0 = Release|Win32
		{B75B00BD-954C-4CE1-AAB6-8C53DB8D6F2C}.Debug|Win32.ActiveCfg = Debug|Win32
		{B75B00BD-954C-4CE1-AAB6-8C53DB8D6F2C}.Debug|Win32.Build.0 = Debug|Win32
		{B75B00BD-954C-4CE1-AAB6-8C53DB8D6F2C}.Release|Win32.ActiveCfg = Release|Win32
		{B75B00BD-954C-4CE1-AAB6-8C53DB8D6F2C}.Release|Win32.Build.0 = Release|Win32
		{BC154CDC-1FE1-4E71-BDEC-57FBCB1E5EF6}.Debug|Win32.ActiveCfg = Debug|Win32
		{BC154CDC-1FE1-4E71-BDEC-57FBCB1E5EF6}.Debug|Win32.Build.0 = Debug|Win32
		{BC154CDC-1FE1-4E71-BDEC-57FBCB1E5EF6}.Release|Win32.ActiveCfg = Release|Win32
		{BC154CDC-1FE1-4E71-BDEC-57FBCB1E5EF6}.Release|Win32.Build.0 = Release|Win32
		{6361F114-834C-4646-8159-CE0FCD9108FE}.Debug|Win32.ActiveCfg = Debug|Win32
		{6361F114-834C-4646-8159-CE0FCD9108FE}.Debug|Win32.Build.0 = Debug|Win32
		{6361F114-834C-4646-8159-CE0FCD9108FE}.Release|Win32.ActiveCfg = Release|Win32
		{6361F114-834C-4646-8159-CE0FCD9108FE}.Release|Win32.Build.0 = Release|Win32
		{C5748099-3F6E-471C-8B01-C43C5D1200F2}.Debug|Win32.ActiveCfg = Debug|Win32
		{C5748099-3F6E-471C-8B01-C43C5D1200F2}.Debug|Win32.Build.0 = Debug|Win32
		{C5748099-3F6E-471C-8B01-C43C5D1200F2}.Release|Win32.ActiveCfg = Release|Win32
		{C5748099-3F6E-471C-8B01-C43C5D1200F2}.Release|Win32.Build.0 = Release|Win32
		{A35A9825-3D71-4125-B097-53B4C05F70AB}.Debug|Win32.ActiveCfg = Debug|Win32
		{A35A9825-3D71-4125-B097-53B4C05F70AB}.Debug|Win32.Build.0 = Debug|Win32
		{A35A9825-3D71-4125-B097-53B4C05F70AB}.Release|Win32.ActiveCfg = Release|Win32
		{A35A9825-3D71-4125-B097-53B4C05F70AB}.Release|Win32.Build.0 = Release|Win32
		{5316A8CD-AE2D-4844-BE6B-CC09203480BC}.Debug|Win32.ActiveCfg = Debug|Win32
		{5316A8CD-AE2D-4844-BE6B-CC09203480BC}.Debug|Win32.Build.0 = Debug|Win32
		{5316A8CD-AE2D-4844-BE6B-CC09203480BC}.Release|Win32.ActiveCfg = Release|Win32
		{5316A8CD-AE2D-4844-BE6B-CC09203480BC}.Release|Win32.Build.0 = Release|Win32
		{E85F7298-90B2-485C-92BF-36A093A21E83}.Debug|Win32.ActiveCfg = Debug|Win32
		{E85F7298-90B2-485C-92BF-36A093A21E83}.Debug|Win32.Build.0 = Debug|Win32
		{E85F7298-90B2-485C-92BF-36A093A21E83}.Release|Win32.ActiveCfg = Release|Win32
		{E85F7298-90B2-485C-92BF-36A093A21E83}.Release|Win32.Build.0 = Release|Win32
		{7BF142F0-DCC5-43E6-9873-7B76AA9241B7}.Debug|Win32.ActiveCfg = Debug|Win32
		{7BF142F0-DCC5-43E6-9873-7B76AA9241B7}.Debug|Win32.Build.0 = Debug|Win32
		{7BF142F0-DCC5-43E6-9873-7B76AA9241B7}.Release|Win32.ActiveCfg = Release|Win32
		{7BF142F0-DCC5-43E6-9873-7B76AA9241B7}.Release|Win32.Build.0 = Release|Win32
		{0196AAD0-F722-413D-8D5B-3E3C31F4387C}.Debug|Win32.ActiveCfg = Debug|Win32
		{0196AAD0-F722-413D-8D5B-3E3C31F4387C}.Debug|Win32.Build.0 = Debug|Win32
		{0196AAD0-F722-413D-8D5B-3E3C31F4387C}.Release|Win32.ActiveCfg = Release|Win32
		{0196AAD0-F722-413D-8D5B-3E3C31F4387C}.Release|Win32.Build.0 = Release|Win32
		{728C9A86-FD84-4B32-94E8-637FA91D533E}.Debug|Win32.ActiveCfg = Debug|Win32
		{728C9A86-FD84-4B32-94E8-637FA91D533E}.Debug|Win32.Build.0 = Debug|Win32
		{728C9A86-FD84-4B32-94E8-637FA91D533E}.Release|Win32.ActiveCfg = Release|Win32
		{728C9A86-FD84-4B32-94E8-637FA91D533E}.Release|Win32.Build.0 = Release|Win32
		{0BC742CB-BFA4-4EE4-887D-69CCFC3915B9}.Debug|Win32.ActiveCfg = Debug|Win32
		{0BC742CB-BFA4-4EE4-887D-69CCFC3915B9}.Debug|Win32.Build.0 = Debug|Win32
		{0BC742CB-BFA4-4EE4-887D-69CCFC3915B9}.Release|Win32.ActiveCfg = Release|Win32
		{0BC742CB-BFA4-4EE4-887D-69CCFC3915B9}.Release|Win32.Build.0 = Release|Win32
		{617BB7CA-29BC-4C81-B897-FCBB1D548B97}.Debug|Win32.ActiveCfg = Debug|Win32
		{617BB7CA-29BC-4C81-B897-FCBB1D548B97}.Debug|Win32.Build.0 = Debug|Win32
		{617BB7CA-29BC-4C81-B897-FCBB1D548B97}.Release|Win32.ActiveCfg = Release|Win32
		{617BB7CA-29BC-4C81-B897-FCBB1D548B97}.Release|Win32.Build.0 = Release|Win32
		{60040689-F7BF-4A36-8108-17AE621A379F}.Debug|Win32.ActiveCfg = Debug|Win32
		{60040689-F7BF-4A36-8108-17AE621A379F}.Debug|Win32.Build.0 = Debug|Win32
		{60040689-F7BF-4A36-8108-17AE621A379F}.Release|Win32.ActiveCfg = Release|Win32
		{60040689-F7BF-4A36-8108-17AE621A379F}.Release|Win32.Build.0 = Release|Win32
		{845EDCA3-30E2-4E8A-9435-15B40F582984}.Debug|Win32.ActiveCfg = Debug|Win32
		{845EDCA3-30E2-4E8A-9435-15B40F582984}.Debug|Win32.Build.0 = Debug|Win32
		{845EDCA3-30E2-4E8A-9435-15B40F582984}.Release|Win32.ActiveCfg = Release|Win32
		{845EDCA3-30E2-4E8A-9435-15B40F582984}.Release|Win32.Build.0 = Release|Win32
		{8FD79E00-E87A-4D71-A08E-B9D3FA50B2C1}.Debug|Win32.ActiveCfg = Debug|Win32
		{8FD79E00-E87A-4D71-A08E-B9D3FA50B2C1}.Debug|Win32.Build.0 = Debug|Win32
		{8FD79E00-E87A-4D71-A08E-B9D3FA50B2C1}.Release|Win32.ActiveCfg = Release|Win32
		{8FD79E00-E87A-4D71-A08E-B9D3FA50B2C1}.Release|Win32.Build.0 = Release|Win32
		{2C6CFFC8-9DCF-4FFE-B33A-602459717B30}.Debug|Win32.ActiveCfg = Debug|Win32
		{2C6CFFC8-9DCF-4FFE-B33A-602459717B30}.Debug|Win32.Build.0 = Debug|Win32
		{2C6CFFC8-9DCF-4FFE-B33A-602459717B30}.Release|Win32.ActiveCfg = Release|Win32
		{2C6CFFC8-9DCF-4FFE-B33A-602459717B30}.Release|Win32.Build.0 = Release|Win32
		{FD6DF728-22C0-4EF4-9096-2AE06D7ED7FD}.Debug|Win32.ActiveCfg = Debug|Win32
		{FD6DF728-22C0-4EF4-9096-2AE06D7ED7FD}.Debug|Win32.Build.0 = Debug|Win32
		{FD6DF728-22C0-4EF4-9096-2AE06D7ED7FD}.Release|Win32.ActiveCfg = Release|Win32
		{FD6DF728-22C0-4EF4-9096-2AE06D7ED7FD}.Release|Win32.Build.0 = Release|Win32
		{1C184CD7-7557-4BB7-BCBC-1D295AC1064C}.Debug|Win32.ActiveCfg = Debug|Win32
		{1C184CD7-7557-4BB7-BCBC-1D295AC1064C}.Debug|Win32.Build.0 = Debug|Win32
		{1C184CD7-7557-4BB7-BCBC-1D295AC1064C}.Release|Win32.ActiveCfg = Release|Win32
		{1C184CD7-7557-4BB7-BCBC-1D295AC1064C}.Release|Win32.Build.0 = Release|Win32
		{8E33473C-A00A-401E-A18A-315281463C84}.Debug|Win32.ActiveCfg = Debug|Win32
		{8E33473C-A00A-401E-A18A-315281463C84}.Debug|Win32.Build.0 = Debug|Win32
		{8E33473C-A00A-401E-A18A-315281463C84}.Release|Win32.ActiveCfg = Release|Win32
		{8E33473C-A00A-401E-A18A-315281463C84}.Release|Win32.Build.0 = Release|Win32
		{280E405C-085A-4E27-ADC4-B9845CDA8114}.Debug|Win32.ActiveCfg = Debug|Win32
		{280E405C-085A-4E27-ADC4-B9845CDA8114}.Debug|Win32.Build.0 = Debug|Win32
		{280E405C-085A-4E27-ADC4-B9845CDA8114}.Release|Win32.ActiveCfg = Release|Win32
		{280E405C-085A-4E27-ADC4-B9845CDA8114}.Release|Win32.Build.0 = Release|Win32
		{4BD56519-90AA-459D-8E2C-344A5306BD03}.Debug|Win32.ActiveCfg = Debug|Win32
		{4BD56519-90AA-459D-8E2C-344A5306BD03}.Debug|Win32.Build.0 = Debug|Win32
		{4BD56519-90AA-459D-8E2C-344A5306BD03}.Release|Win32.ActiveCfg = Release|Win32
		{4BD56519-90AA-459D-8E2C-344A5306BD03}.Release|Win32.Build.0 = Release|Win32
		{50220122-5275-430E-8018-B560572A4D2C}.Debug|Win32.ActiveCfg = Debug|Win32
		{50220122-5275-430E-8018-B560572A4D2C}.Debug|Win32.Build.0 = Debug|Win32
		{50220122-5275-430E-8018-B560572A4D2C}.Release|Win32.ActiveCfg = Release|Win32
		{50220122-5275-430E-8018-B560572A4D2C}.Release|Win32.Build.0 = Release|Win32
		{650510D6-6B7C-4E0D-9E2D-251F31BE4969}.Debug|Win32.ActiveCfg = Debug|Win32
		{650510D6-6B7C-4E0D-9E2D-251F31BE4969}.Debug|Win32.Build.0 = Debug|Win32
		{650510D6-6B7C-4E0D-9E2D-251F31BE4969}.Release|Win32.ActiveCfg = Release|Win32
		{650510D6-6B7C-4E0D-9E2D-251F31BE4969}.Release|Win32.Build.0 = Release|Win32
		{F0CB5DFD-704A-4FCE-ADEA-001DD4832DE2}.Debug|Win32.ActiveCfg = Debug|Win32
		{F0CB5DFD-704A-4FCE-ADEA-001DD4832DE2}.Debug|Win32.Build.0 = Debug|Win32
		{F0CB5DFD-704A-4FCE-ADEA-001DD4832DE2}.Release|Win32.ActiveCfg = Release|Win32
		{F0CB5DFD-704A-4FCE-ADEA-001DD4832DE2}.Release|Win32.Build.0 = Release|Win32
		{77E9C560-A39A-437A-BCF1-BFA76D0B0640}.Debug|Win32.ActiveCfg = Debug|Win32
		{77E9C560-A39A-437A-BCF1-BFA76D0B0640}.Debug|Win32.Build.0 = Debug|Win32
		{77E9C560-A39A-437A-BCF1-BFA76D0B0640}.Release|Win32.ActiveCfg = Release|Win32
		{77E9C560-A39A-437A-BCF1-BFA76D0B0640}.Release|Win32.Build.0 = Release|Win32
		{EA1843B1-550E-46DF-B491-2A6C0A328A38}.Debug|Win32.ActiveCfg = Debug|Win32
		{EA1843B1-550E-46DF-B491-2A6C0A328A38}.Debug|Win32.Build.0 = Debug|Win32
		{EA1843B1-550E-46DF-B491-2A6C0A328A38}.Release|Win32.ActiveCfg = Release|Win32
		{EA1843B1-550E-46DF-B491-2A6C0A328A38}.Release|Win32.Build.0 = Release|Win32
		{814BFBD9-1E15-406E-9CFB-634614BA53E6}.Debug|Win32.ActiveCfg = Debug|Win32
		{814BFBD9-1E15-406E-9CFB-634614BA53E6}.Debug|Win32.Build.0 = Debug|Win32
		{814BFBD9-1E15-406E-9CFB-634614BA53E6}.Release|Win32.ActiveCfg = Release|Win32
		{814BFBD9-1E15-406E-9CFB-634614BA53E6}.Release|Win32.Build.0 = Release|Win32
		{9BC870EC-2B44-4568-8DAB-F414CBEE02C0}.Debug|Win32.ActiveCfg = Debug|Win32
		{9BC870EC-2B44-4568-8DAB-F414CBEE02C0}.Debug|Win32.Build.0 = Debug|Win32
		{9BC870EC-2B44-4568-8DAB-F414CBEE02C0}.Release|Win32.ActiveCfg = Release|Win32
		{9BC870EC-2B44-4568-8DAB-F414CBEE02C0}.Release|Win32.Build.0 = Release|Win32
		{D68FC4EF-00F6-4AAC-A04E-D1B022E62276}.Debug|Win32.ActiveCfg = Debug|Win32
		{D68FC4EF-00F6-4AAC-A04E-D1B022E62276}.Debug|Win32.Build.0 = Debug|Win32
		{D68FC4EF-00F6-4AAC-A04E-D1B022E62276}.Release|Win32.ActiveCfg = Release|Win32
		{D68FC4EF-00F6-4AAC-A04E-D1B022E62276}.Release|Win32.Build.0 = Release|Win32
		{29761BD4-AC6F-4030-85FE-B156D5CC1CA1}.Debug|Win32.ActiveCfg = Debug|Win32
		{29761BD4-AC6F-4030-85FE-B156D5CC1CA1}.Debug|Win32.Build.0 = Debug|Win32
		{29761BD4-AC6F-4030-85FE-B156D5CC1CA1}.Release|Win32.ActiveCfg = Release|Win32
		{29761BD4-AC6F-4030-85FE-B156D5CC1CA1}.Release|Win32.Build.0 = Release|Win32
		{784F713B-F5CD-44E4-B5B8-8A6917F8A447}.Debug|Win32.ActiveCfg = Debug|Win32
		{784F713B-F5CD-44E4-B5B8-8A6917F8A447}.Debug|Win32.Build.0 = Debug|Win32
		{784F713B-F5CD-44E4-B5B8-8A6917F8A447}.Release|Win32.ActiveCfg = Release|Win32
		{784F713B-F5CD-44E4-B5B8-8A6917F8A447}.Release|Win32.Build.0 = Release|Win32
		{A5C343BF-D13A-466E-BEB4-E2ABBA86FB62}.Debug|Win32.ActiveCfg = Debug|Win32
		{A5C343BF-D13A-466E-BEB4-E2ABBA86FB62}.Debug|Win32.Build.0 = Debug|Win32
		{A5C343BF-D13A-466E-BEB4-E2ABBA86FB62}.Release|Win32.ActiveCfg = Release|Win32
		{A5C343BF-D13A-466E-BEB4-E2ABBA86FB62}.Release|Win32.Build.0 = Release|Win32
		{F7F57447-44BD-4DA0-B7C8-294982C1BE7C}.Debug|Win32.ActiveCfg = Debug|Win32
		{F7F57447-44BD-4DA0-B7C8-294982C1BE7C}.Debug|Win32.Build.0 = Debug|Win32
		{F7F57447-44BD-4DA0-B7C8-294982C1BE7C}.Release|Win32.ActiveCfg = Release|Win32
		{F7F57447-44BD-4DA0-B7C8-294982C1BE7C}.Release|Win32.Build.0 = Release|Win32
		{3D722D89-E30B-4895-8E43-20B4F1CDFB38}.Debug|Win32.ActiveCfg = Debug|Win32
		{3D722D89-E30B-4895-8E43-20B4F1CDFB38}.Debug|Win32.Build.0 = Debug|Win32
		{3D722D89-E30B-4895-8E43-20B4F1CDFB38}.Release|Win32.ActiveCfg = Release|Win32
		{3D722D89-E30B-4895-8E43-20B4F1CDFB38}.Release|Win32.Build.0 = Release|Win32
		{9E203DD9-7F3E-425C-B305-671AF61CD6A3}.Debug|Win32.ActiveCfg = Debug|Win32
		{9E203DD9-7F3E-425C-B305-671AF61CD6A3}.Debug|Win32.Build.0 = Debug|Win32
		{9E203DD9-7F3E-425C-B305-671AF61CD6A3}.Release|Win32.ActiveCfg = Release|Win32
		{9E203DD9-7F3E-425C-B305-671AF61CD6A3}.Release|Win32.Build.0 = Release|Win32
		{BB51A806-8937-4392-A65A-237817C20C12}.Debug|Win32.ActiveCfg = Debug|Win32
		{BB51A806-8937-4392-A65A-237817C20C12}.Debug|Win32.Build.0 = Debug|Win32
		{BB51A806-8937-4392-A65A-237817C20C12}.Release|Win32.ActiveCfg = Release|Win32
		{BB51A806-8937-4392-A65A-237817C20C12}.Release|Win32.Build.0 = Release|Win32
		{8C4CEBED-7B82-445A-8CC1-AE3FFC294EB5}.Debug|Win32.ActiveCfg = Debug|Win32
		{8C4CEBED-7B82-445A-8CC1-AE3FFC294EB5}.Debug|Win32.Build.0 = Debug|Win32
		{8C4CEBED-7B82-445A-8CC1-AE3FFC294EB5}.Release|Win32.ActiveCfg = Release|Win32
		{8C4CEBED-7B82-445A-8CC1-AE3FFC294EB5}.Release|Win32.Build.0 = Release|Win32
		{39568044-0603-48C1-8B6D-FFB0B2AE0BFB}.Debug|Win32.ActiveCfg = Debug|Win32
		{39568044-0603-48C1-8B6D-FFB0B2AE0BFB}.Debug|Win32.Build.0 = Debug|Win32
		{39568044-0603-48C1-8B6D-FFB0B2AE0BFB}.Release|Win32.ActiveCfg = Release|Win32
		{39568044-0603-48C1-8B6D-FFB0B2AE0BFB}.Release|Win32.Build.0 = Release|Win32
	EndGlobalSection
	GlobalSection(SolutionProperties) = preSolution
		HideSolutionNode = FALSE
	EndGlobalSection
EndGlobal
